
Microsoft Visual Studio Solution File, Format Version 12.00
# Visual Studio Version 16
VisualStudioVersion = 16.0.29728.190
MinimumVisualStudioVersion = 10.0.40219.1
Project("{FAE04EC0-301F-11D3-BF4B-00C04F79EFBC}") = "Naam", "Naam\Naam.csproj", "{ED6B5452-ADD4-4D85-81FE-3BEC34B769E4}"
EndProject
Global
	GlobalSection(SolutionConfigurationPlatforms) = preSolution
		Debug|Any CPU = Debug|Any CPU
		Release|Any CPU = Release|Any CPU
	EndGlobalSection
	GlobalSection(ProjectConfigurationPlatforms) = postSolution
		{ED6B5452-ADD4-4D85-81FE-3BEC34B769E4}.Debug|Any CPU.ActiveCfg = Debug|Any CPU
		{ED6B5452-ADD4-4D85-81FE-3BEC34B769E4}.Debug|Any CPU.Build.0 = Debug|Any CPU
		{ED6B5452-ADD4-4D85-81FE-3BEC34B769E4}.Release|Any CPU.ActiveCfg = Release|Any CPU
		{ED6B5452-ADD4-4D85-81FE-3BEC34B769E4}.Release|Any CPU.Build.0 = Release|Any CPU
	EndGlobalSection
	GlobalSection(SolutionProperties) = preSolution
		HideSolutionNode = FALSE
	EndGlobalSection
	GlobalSection(ExtensibilityGlobals) = postSolution
		SolutionGuid = {B4D7498A-2409-4C39-A60A-F4A8D03B520C}
	EndGlobalSection
EndGlobal
